// !$*UTF8*$!
{
	archiveVersion = 1;
	classes = {
	};
	objectVersion = 46;
	objects = {

/* Begin PBXFileReference section */
		D8A6C4981608E74300BEB25C /* TestLinearInterpolator.cpp */ = {isa = PBXFileReference; fileEncoding = 4; lastKnownFileType = sourcecode.cpp.cpp; path = TestLinearInterpolator.cpp; sourceTree = "<group>"; };
		D8A6C4991608E74300BEB25C /* LinearInterpolator.h */ = {isa = PBXFileReference; fileEncoding = 4; lastKnownFileType = sourcecode.c.h; path = LinearInterpolator.h; sourceTree = "<group>"; };
		D8A6C49A1608F70300BEB25C /* Makefile */ = {isa = PBXFileReference; fileEncoding = 4; lastKnownFileType = sourcecode.make; path = Makefile; sourceTree = "<group>"; xcLanguageSpecificationIdentifier = xcode.lang.simpleColoring; };
/* End PBXFileReference section */

/* Begin PBXGroup section */
		D8A6C48B1608E71F00BEB25C = {
			isa = PBXGroup;
			children = (
				D8A6C49A1608F70300BEB25C /* Makefile */,
				D8A6C4981608E74300BEB25C /* TestLinearInterpolator.cpp */,
				D8A6C4991608E74300BEB25C /* LinearInterpolator.h */,
			);
			sourceTree = "<group>";
		};
/* End PBXGroup section */

/* Begin PBXLegacyTarget section */
		D8A6C4921608E72000BEB25C /* LinearInterpolator */ = {
			isa = PBXLegacyTarget;
			buildArgumentsString = "$(ACTION)";
			buildConfigurationList = D8A6C4951608E72000BEB25C /* Build configuration list for PBXLegacyTarget "LinearInterpolator" */;
			buildPhases = (
			);
			buildToolPath = /usr/bin/make;
			dependencies = (
			);
			name = LinearInterpolator;
			passBuildSettingsInEnvironment = 1;
			productName = LinearInterpolator;
		};
/* End PBXLegacyTarget section */

/* Begin PBXProject section */
		D8A6C48D1608E71F00BEB25C /* Project object */ = {
			isa = PBXProject;
			attributes = {
				LastUpgradeCheck = 0440;
				ORGANIZATIONNAME = "Hugh Dickinson";
			};
			buildConfigurationList = D8A6C4901608E71F00BEB25C /* Build configuration list for PBXProject "LinearInterpolator" */;
			compatibilityVersion = "Xcode 3.2";
			developmentRegion = English;
			hasScannedForEncodings = 0;
			knownRegions = (
				en,
			);
			mainGroup = D8A6C48B1608E71F00BEB25C;
			projectDirPath = "";
			projectRoot = "";
			targets = (
				D8A6C4921608E72000BEB25C /* LinearInterpolator */,
			);
		};
/* End PBXProject section */

/* Begin XCBuildConfiguration section */
		D8A6C4931608E72000BEB25C /* Debug */ = {
			isa = XCBuildConfiguration;
			buildSettings = {
				ALWAYS_SEARCH_USER_PATHS = NO;
				ARCHS = "$(ARCHS_STANDARD_64_BIT)";
				CLANG_CXX_LANGUAGE_STANDARD = "gnu++0x";
				CLANG_WARN__DUPLICATE_METHOD_MATCH = YES;
				COPY_PHASE_STRIP = NO;
				GCC_C_LANGUAGE_STANDARD = gnu99;
				GCC_DYNAMIC_NO_PIC = NO;
				GCC_ENABLE_OBJC_EXCEPTIONS = YES;
				GCC_OPTIMIZATION_LEVEL = 0;
				GCC_PREPROCESSOR_DEFINITIONS = (
					"DEBUG=1",
					"$(inherited)",
				);
				GCC_SYMBOLS_PRIVATE_EXTERN = NO;
				GCC_WARN_64_TO_32_BIT_CONVERSION = YES;
				GCC_WARN_ABOUT_RETURN_TYPE = YES;
				GCC_WARN_UNINITIALIZED_AUTOS = YES;
				GCC_WARN_UNUSED_VARIABLE = YES;
				MACOSX_DEPLOYMENT_TARGET = 10.8;
				ONLY_ACTIVE_ARCH = YES;
				SDKROOT = macosx;
			};
			name = Debug;
		};
		D8A6C4941608E72000BEB25C /* Release */ = {
			isa = XCBuildConfiguration;
			buildSettings = {
				ALWAYS_SEARCH_USER_PATHS = NO;
				ARCHS = "$(ARCHS_STANDARD_64_BIT)";
				CLANG_CXX_LANGUAGE_STANDARD = "gnu++0x";
				CLANG_WARN__DUPLICATE_METHOD_MATCH = YES;
				COPY_PHASE_STRIP = YES;
				DEBUG_INFORMATION_FORMAT = "dwarf-with-dsym";
				GCC_C_LANGUAGE_STANDARD = gnu99;
				GCC_ENABLE_OBJC_EXCEPTIONS = YES;
				GCC_WARN_64_TO_32_BIT_CONVERSION = YES;
				GCC_WARN_ABOUT_RETURN_TYPE = YES;
				GCC_WARN_UNINITIALIZED_AUTOS = YES;
				GCC_WARN_UNUSED_VARIABLE = YES;
				MACOSX_DEPLOYMENT_TARGET = 10.8;
				SDKROOT = macosx;
			};
			name = Release;
		};
		D8A6C4961608E72000BEB25C /* Debug */ = {
			isa = XCBuildConfiguration;
			buildSettings = {
				DEBUGGING_SYMBOLS = YES;
				GCC_GENERATE_DEBUGGING_SYMBOLS = YES;
				GCC_OPTIMIZATION_LEVEL = 0;
				OTHER_CFLAGS = "";
				OTHER_LDFLAGS = "";
				PRODUCT_NAME = "$(TARGET_NAME)";
			};
			name = Debug;
		};
		D8A6C4971608E72000BEB25C /* Release */ = {
			isa = XCBuildConfiguration;
			buildSettings = {
				OTHER_CFLAGS = "";
				OTHER_LDFLAGS = "";
				PRODUCT_NAME = "$(TARGET_NAME)";
			};
			name = Release;
		};
/* End XCBuildConfiguration section */

/* Begin XCConfigurationList section */
		D8A6C4901608E71F00BEB25C /* Build configuration list for PBXProject "LinearInterpolator" */ = {
			isa = XCConfigurationList;
			buildConfigurations = (
				D8A6C4931608E72000BEB25C /* Debug */,
				D8A6C4941608E72000BEB25C /* Release */,
			);
			defaultConfigurationIsVisible = 0;
			defaultConfigurationName = Release;
		};
		D8A6C4951608E72000BEB25C /* Build configuration list for PBXLegacyTarget "LinearInterpolator" */ = {
			isa = XCConfigurationList;
			buildConfigurations = (
				D8A6C4961608E72000BEB25C /* Debug */,
				D8A6C4971608E72000BEB25C /* Release */,
			);
			defaultConfigurationIsVisible = 0;
		};
/* End XCConfigurationList section */
	};
	rootObject = D8A6C48D1608E71F00BEB25C /* Project object */;
}
